
Microsoft Visual Studio Solution File, Format Version 12.00
# Visual Studio Version 17
VisualStudioVersion = 17.0.31919.166
MinimumVisualStudioVersion = 10.0.40219.1
Project("{9A19103F-16F7-4668-BE54-9A1E7A4F7556}") = "MsgMiddleServer", "CJTSmartData\MsgMiddleServer.csproj", "{3ECC07A7-4FBF-43A0-8F36-13369435BD09}"
EndProject
Project("{9A19103F-16F7-4668-BE54-9A1E7A4F7556}") = "Entities", "Entities\Entities.csproj", "{8559EEA6-C894-462A-9ACB-967AC9CAA434}"
EndProject
Project("{9A19103F-16F7-4668-BE54-9A1E7A4F7556}") = "SqliteHelper", "SqliteHelper\SqliteHelper.csproj", "{29A5DFE9-DA2F-46C6-B468-5982E465CC4E}"
EndProject
Project("{FAE04EC0-301F-11D3-BF4B-00C04F79EFBC}") = "GetFileList", "GetFileList\GetFileList.csproj", "{30E3FD55-2F01-488E-A84D-8714C17C6F49}"
EndProject
Global
	GlobalSection(SolutionConfigurationPlatforms) = preSolution
		Debug|Any CPU = Debug|Any CPU
		Release|Any CPU = Release|Any CPU
	EndGlobalSection
	GlobalSection(ProjectConfigurationPlatforms) = postSolution
		{3ECC07A7-4FBF-43A0-8F36-13369435BD09}.Debug|Any CPU.ActiveCfg = Debug|Any CPU
		{3ECC07A7-4FBF-43A0-8F36-13369435BD09}.Debug|Any CPU.Build.0 = Debug|Any CPU
		{3ECC07A7-4FBF-43A0-8F36-13369435BD09}.Release|Any CPU.ActiveCfg = Release|Any CPU
		{3ECC07A7-4FBF-43A0-8F36-13369435BD09}.Release|Any CPU.Build.0 = Release|Any CPU
		{8559EEA6-C894-462A-9ACB-967AC9CAA434}.Debug|Any CPU.ActiveCfg = Debug|Any CPU
		{8559EEA6-C894-462A-9ACB-967AC9CAA434}.Debug|Any CPU.Build.0 = Debug|Any CPU
		{8559EEA6-C894-462A-9ACB-967AC9CAA434}.Release|Any CPU.ActiveCfg = Release|Any CPU
		{8559EEA6-C894-462A-9ACB-967AC9CAA434}.Release|Any CPU.Build.0 = Release|Any CPU
		{29A5DFE9-DA2F-46C6-B468-5982E465CC4E}.Debug|Any CPU.ActiveCfg = Debug|Any CPU
		{29A5DFE9-DA2F-46C6-B468-5982E465CC4E}.Debug|Any CPU.Build.0 = Debug|Any CPU
		{29A5DFE9-DA2F-46C6-B468-5982E465CC4E}.Release|Any CPU.ActiveCfg = Release|Any CPU
		{29A5DFE9-DA2F-46C6-B468-5982E465CC4E}.Release|Any CPU.Build.0 = Release|Any CPU
		{30E3FD55-2F01-488E-A84D-8714C17C6F49}.Debug|Any CPU.ActiveCfg = Debug|Any CPU
		{30E3FD55-2F01-488E-A84D-8714C17C6F49}.Debug|Any CPU.Build.0 = Debug|Any CPU
		{30E3FD55-2F01-488E-A84D-8714C17C6F49}.Release|Any CPU.ActiveCfg = Release|Any CPU
		{30E3FD55-2F01-488E-A84D-8714C17C6F49}.Release|Any CPU.Build.0 = Release|Any CPU
	EndGlobalSection
	GlobalSection(SolutionProperties) = preSolution
		HideSolutionNode = FALSE
	EndGlobalSection
	GlobalSection(ExtensibilityGlobals) = postSolution
		SolutionGuid = {5704CE13-1548-4F1F-BB9D-F5C050E3383C}
	EndGlobalSection
EndGlobal
