
Microsoft Visual Studio Solution File, Format Version 12.00
# Visual Studio Version 17
VisualStudioVersion = 17.10.34928.147
MinimumVisualStudioVersion = 10.0.40219.1
Project("{FAE04EC0-301F-11D3-BF4B-00C04F79EFBC}") = "GetAudioFromVideo", "GetAudioFromVideo.csproj", "{C3DF91E9-BD33-4ED4-90E5-5F02B3F747B1}"
EndProject
Project("{FAE04EC0-301F-11D3-BF4B-00C04F79EFBC}") = "WaitWnd", "WaitWnd\WaitWnd.csproj", "{A36149B7-3811-451B-9097-74A66D255A5B}"
EndProject
Global
	GlobalSection(SolutionConfigurationPlatforms) = preSolution
		Debug|Any CPU = Debug|Any CPU
		Release|Any CPU = Release|Any CPU
	EndGlobalSection
	GlobalSection(ProjectConfigurationPlatforms) = postSolution
		{C3DF91E9-BD33-4ED4-90E5-5F02B3F747B1}.Debug|Any CPU.ActiveCfg = Debug|Any CPU
		{C3DF91E9-BD33-4ED4-90E5-5F02B3F747B1}.Debug|Any CPU.Build.0 = Debug|Any CPU
		{C3DF91E9-BD33-4ED4-90E5-5F02B3F747B1}.Release|Any CPU.ActiveCfg = Release|Any CPU
		{C3DF91E9-BD33-4ED4-90E5-5F02B3F747B1}.Release|Any CPU.Build.0 = Release|Any CPU
		{A36149B7-3811-451B-9097-74A66D255A5B}.Debug|Any CPU.ActiveCfg = Debug|Any CPU
		{A36149B7-3811-451B-9097-74A66D255A5B}.Debug|Any CPU.Build.0 = Debug|Any CPU
		{A36149B7-3811-451B-9097-74A66D255A5B}.Release|Any CPU.ActiveCfg = Release|Any CPU
		{A36149B7-3811-451B-9097-74A66D255A5B}.Release|Any CPU.Build.0 = Release|Any CPU
	EndGlobalSection
	GlobalSection(SolutionProperties) = preSolution
		HideSolutionNode = FALSE
	EndGlobalSection
	GlobalSection(ExtensibilityGlobals) = postSolution
		SolutionGuid = {11115D2B-668A-4428-AF64-430E185115E8}
	EndGlobalSection
EndGlobal
